
Microsoft Visual Studio Solution File, Format Version 12.00
# Visual Studio 15
VisualStudioVersion = 15.0.28307.1259
MinimumVisualStudioVersion = 10.0.40219.1
Project("{FAE04EC0-301F-11D3-BF4B-00C04F79EFBC}") = "CarespaceFinanceHelper", "CarespaceFinanceHelper\CarespaceFinanceHelper.csproj", "{298F0523-9370-449D-8EC3-5AD2AA8CDDFF}"
EndProject
Project("{FAE04EC0-301F-11D3-BF4B-00C04F79EFBC}") = "CarespaceFinanceHelper.Tests", "CarespaceFinanceHelper.Tests\CarespaceFinanceHelper.Tests.csproj", "{FAFA3C53-8A21-4B18-B011-1380A2A5AB84}"
EndProject
Global
	GlobalSection(SolutionConfigurationPlatforms) = preSolution
		Debug|Any CPU = Debug|Any CPU
		Release|Any CPU = Release|Any CPU
	EndGlobalSection
	GlobalSection(ProjectConfigurationPlatforms) = postSolution
		{298F0523-9370-449D-8EC3-5AD2AA8CDDFF}.Debug|Any CPU.ActiveCfg = Debug|Any CPU
		{298F0523-9370-449D-8EC3-5AD2AA8CDDFF}.Debug|Any CPU.Build.0 = Debug|Any CPU
		{298F0523-9370-449D-8EC3-5AD2AA8CDDFF}.Release|Any CPU.ActiveCfg = Release|Any CPU
		{298F0523-9370-449D-8EC3-5AD2AA8CDDFF}.Release|Any CPU.Build.0 = Release|Any CPU
		{FAFA3C53-8A21-4B18-B011-1380A2A5AB84}.Debug|Any CPU.ActiveCfg = Debug|Any CPU
		{FAFA3C53-8A21-4B18-B011-1380A2A5AB84}.Debug|Any CPU.Build.0 = Debug|Any CPU
		{FAFA3C53-8A21-4B18-B011-1380A2A5AB84}.Release|Any CPU.ActiveCfg = Release|Any CPU
		{FAFA3C53-8A21-4B18-B011-1380A2A5AB84}.Release|Any CPU.Build.0 = Release|Any CPU
	EndGlobalSection
	GlobalSection(SolutionProperties) = preSolution
		HideSolutionNode = FALSE
	EndGlobalSection
	GlobalSection(ExtensibilityGlobals) = postSolution
		SolutionGuid = {53E9420A-85A5-49BE-8D37-DA43C41441B3}
	EndGlobalSection
EndGlobal
